{
    "requires": true,
    "lockfileVersion": 1,
    "dependencies": {
        "jquery-form-validator": {
            "version": "2.3.79",
            "resolved": "https://registry.npmjs.org/jquery-form-validator/-/jquery-form-validator-2.3.79.tgz",
            "integrity": "sha512-/jG1qy7FEcGFCGlnEst5pOn1SZi3awDxRrlGDHdBEnY8Ga5zXA00OnAKIZV8fUCpUTT003BPbFBDR7hlgOsN8w==",
            "requires": {
                "jquery": "2.2.4"
            },
            "dependencies": {
                "jquery": {
                    "version": "2.2.4",
                    "resolved": "https://registry.npmjs.org/jquery/-/jquery-2.2.4.tgz",
                    "integrity": "sha1-LInWiJterFIqfuoywUUhVZxsvwI="
                }
            }
        }
    }
}
