{
    "requires": true,
    "lockfileVersion": 1,
    "dependencies": {
        "jquery": {
            "version": "3.4.1",
            "resolved": "https://registry.npmjs.org/jquery/-/jquery-3.4.1.tgz",
            "integrity": "sha512-36+AdBzCL+y6qjw5Tx7HgzeGCzC81MDDgaUP8ld2zhx58HdqXGoBd+tHdrBMiyjGQs0Hxs/MLZTu/eHNJJuWPw==",
            "dev": true
        },
        "sweetalert2": {
            "version": "8.18.6",
            "resolved": "https://registry.npmjs.org/sweetalert2/-/sweetalert2-8.18.6.tgz",
            "integrity": "sha512-6Jio6FH3p5hm+VHYN8mUyGhGozVo+r+eJtkUC/+bvSpXss84hcMRXNqKQs+J1+LWPy2DT7ozdyVXaVY6sMnm+w=="
        }
    }
}
